// !$*UTF8*$!
{
	archiveVersion = 1;
	classes = {
	};
	objectVersion = 56;
	objects = {

/* Begin PBXBuildFile section */
		063FFF8F2B07FE0A007D43AE /* LoaderVC.swift in Sources */ = {isa = PBXBuildFile; fileRef = 063FFF8E2B07FE0A007D43AE /* LoaderVC.swift */; };
		069BE1612AB1BDDC0086AE3D /* AppDelegate.swift in Sources */ = {isa = PBXBuildFile; fileRef = 069BE1602AB1BDDC0086AE3D /* AppDelegate.swift */; };
		069BE1632AB1BDDC0086AE3D /* SceneDelegate.swift in Sources */ = {isa = PBXBuildFile; fileRef = 069BE1622AB1BDDC0086AE3D /* SceneDelegate.swift */; };
		069BE1652AB1BDDC0086AE3D /* ViewController.swift in Sources */ = {isa = PBXBuildFile; fileRef = 069BE1642AB1BDDC0086AE3D /* ViewController.swift */; };
		069BE1682AB1BDDC0086AE3D /* Main.storyboard in Resources */ = {isa = PBXBuildFile; fileRef = 069BE1662AB1BDDC0086AE3D /* Main.storyboard */; };
		069BE16A2AB1BDDE0086AE3D /* Assets.xcassets in Resources */ = {isa = PBXBuildFile; fileRef = 069BE1692AB1BDDE0086AE3D /* Assets.xcassets */; };
		069BE16D2AB1BDDE0086AE3D /* LaunchScreen.storyboard in Resources */ = {isa = PBXBuildFile; fileRef = 069BE16B2AB1BDDE0086AE3D /* LaunchScreen.storyboard */; };
		069BE1762AB1C0C60086AE3D /* RxCocoa in Frameworks */ = {isa = PBXBuildFile; productRef = 069BE1752AB1C0C60086AE3D /* RxCocoa */; };
		069BE1782AB1C0C60086AE3D /* RxRelay in Frameworks */ = {isa = PBXBuildFile; productRef = 069BE1772AB1C0C60086AE3D /* RxRelay */; };
		069BE17A2AB1C0C60086AE3D /* RxSwift in Frameworks */ = {isa = PBXBuildFile; productRef = 069BE1792AB1C0C60086AE3D /* RxSwift */; };
		06DA19322AB2D6AE00B730C3 /* MyCustomView.swift in Sources */ = {isa = PBXBuildFile; fileRef = 06DA19312AB2D6AE00B730C3 /* MyCustomView.swift */; };
		06DA19342AB2D8E700B730C3 /* MyCustomView.xib in Resources */ = {isa = PBXBuildFile; fileRef = 06DA19332AB2D8E700B730C3 /* MyCustomView.xib */; };
		06DA19362AB341AB00B730C3 /* Partials.swift in Sources */ = {isa = PBXBuildFile; fileRef = 06DA19352AB341AB00B730C3 /* Partials.swift */; };
		06DA19382AB4688C00B730C3 /* MyCache.swift in Sources */ = {isa = PBXBuildFile; fileRef = 06DA19372AB4688C00B730C3 /* MyCache.swift */; };
/* End PBXBuildFile section */

/* Begin PBXFileReference section */
		063FFF8E2B07FE0A007D43AE /* LoaderVC.swift */ = {isa = PBXFileReference; lastKnownFileType = sourcecode.swift; path = LoaderVC.swift; sourceTree = "<group>"; };
		069BE15D2AB1BDDC0086AE3D /* reducetotalproductcount.app */ = {isa = PBXFileReference; explicitFileType = wrapper.application; includeInIndex = 0; path = reducetotalproductcount.app; sourceTree = BUILT_PRODUCTS_DIR; };
		069BE1602AB1BDDC0086AE3D /* AppDelegate.swift */ = {isa = PBXFileReference; lastKnownFileType = sourcecode.swift; path = AppDelegate.swift; sourceTree = "<group>"; };
		069BE1622AB1BDDC0086AE3D /* SceneDelegate.swift */ = {isa = PBXFileReference; lastKnownFileType = sourcecode.swift; path = SceneDelegate.swift; sourceTree = "<group>"; };
		069BE1642AB1BDDC0086AE3D /* ViewController.swift */ = {isa = PBXFileReference; lastKnownFileType = sourcecode.swift; path = ViewController.swift; sourceTree = "<group>"; };
		069BE1672AB1BDDC0086AE3D /* Base */ = {isa = PBXFileReference; lastKnownFileType = file.storyboard; name = Base; path = Base.lproj/Main.storyboard; sourceTree = "<group>"; };
		069BE1692AB1BDDE0086AE3D /* Assets.xcassets */ = {isa = PBXFileReference; lastKnownFileType = folder.assetcatalog; path = Assets.xcassets; sourceTree = "<group>"; };
		069BE16C2AB1BDDE0086AE3D /* Base */ = {isa = PBXFileReference; lastKnownFileType = file.storyboard; name = Base; path = Base.lproj/LaunchScreen.storyboard; sourceTree = "<group>"; };
		069BE16E2AB1BDDE0086AE3D /* Info.plist */ = {isa = PBXFileReference; lastKnownFileType = text.plist.xml; path = Info.plist; sourceTree = "<group>"; };
		06DA19312AB2D6AE00B730C3 /* MyCustomView.swift */ = {isa = PBXFileReference; lastKnownFileType = sourcecode.swift; path = MyCustomView.swift; sourceTree = "<group>"; };
		06DA19332AB2D8E700B730C3 /* MyCustomView.xib */ = {isa = PBXFileReference; lastKnownFileType = file.xib; path = MyCustomView.xib; sourceTree = "<group>"; };
		06DA19352AB341AB00B730C3 /* Partials.swift */ = {isa = PBXFileReference; lastKnownFileType = sourcecode.swift; path = Partials.swift; sourceTree = "<group>"; };
		06DA19372AB4688C00B730C3 /* MyCache.swift */ = {isa = PBXFileReference; lastKnownFileType = sourcecode.swift; path = MyCache.swift; sourceTree = "<group>"; };
/* End PBXFileReference section */

/* Begin PBXFrameworksBuildPhase section */
		069BE15A2AB1BDDC0086AE3D /* Frameworks */ = {
			isa = PBXFrameworksBuildPhase;
			buildActionMask = 2147483647;
			files = (
				069BE17A2AB1C0C60086AE3D /* RxSwift in Frameworks */,
				069BE1782AB1C0C60086AE3D /* RxRelay in Frameworks */,
				069BE1762AB1C0C60086AE3D /* RxCocoa in Frameworks */,
			);
			runOnlyForDeploymentPostprocessing = 0;
		};
/* End PBXFrameworksBuildPhase section */

/* Begin PBXGroup section */
		069BE1542AB1BDDC0086AE3D = {
			isa = PBXGroup;
			children = (
				069BE15F2AB1BDDC0086AE3D /* reducetotalproductcount */,
				069BE15E2AB1BDDC0086AE3D /* Products */,
			);
			sourceTree = "<group>";
		};
		069BE15E2AB1BDDC0086AE3D /* Products */ = {
			isa = PBXGroup;
			children = (
				069BE15D2AB1BDDC0086AE3D /* reducetotalproductcount.app */,
			);
			name = Products;
			sourceTree = "<group>";
		};
		069BE15F2AB1BDDC0086AE3D /* reducetotalproductcount */ = {
			isa = PBXGroup;
			children = (
				069BE1602AB1BDDC0086AE3D /* AppDelegate.swift */,
				069BE1622AB1BDDC0086AE3D /* SceneDelegate.swift */,
				069BE1642AB1BDDC0086AE3D /* ViewController.swift */,
				069BE1662AB1BDDC0086AE3D /* Main.storyboard */,
				069BE1692AB1BDDE0086AE3D /* Assets.xcassets */,
				069BE16B2AB1BDDE0086AE3D /* LaunchScreen.storyboard */,
				069BE16E2AB1BDDE0086AE3D /* Info.plist */,
				06DA19332AB2D8E700B730C3 /* MyCustomView.xib */,
				06DA19312AB2D6AE00B730C3 /* MyCustomView.swift */,
				06DA19352AB341AB00B730C3 /* Partials.swift */,
				06DA19372AB4688C00B730C3 /* MyCache.swift */,
				063FFF8E2B07FE0A007D43AE /* LoaderVC.swift */,
			);
			path = reducetotalproductcount;
			sourceTree = "<group>";
		};
/* End PBXGroup section */

/* Begin PBXNativeTarget section */
		069BE15C2AB1BDDC0086AE3D /* reducetotalproductcount */ = {
			isa = PBXNativeTarget;
			buildConfigurationList = 069BE1712AB1BDDE0086AE3D /* Build configuration list for PBXNativeTarget "reducetotalproductcount" */;
			buildPhases = (
				069BE1592AB1BDDC0086AE3D /* Sources */,
				069BE15A2AB1BDDC0086AE3D /* Frameworks */,
				069BE15B2AB1BDDC0086AE3D /* Resources */,
			);
			buildRules = (
			);
			dependencies = (
			);
			name = reducetotalproductcount;
			packageProductDependencies = (
				069BE1752AB1C0C60086AE3D /* RxCocoa */,
				069BE1772AB1C0C60086AE3D /* RxRelay */,
				069BE1792AB1C0C60086AE3D /* RxSwift */,
			);
			productName = reducetotalproductcount;
			productReference = 069BE15D2AB1BDDC0086AE3D /* reducetotalproductcount.app */;
			productType = "com.apple.product-type.application";
		};
/* End PBXNativeTarget section */

/* Begin PBXProject section */
		069BE1552AB1BDDC0086AE3D /* Project object */ = {
			isa = PBXProject;
			attributes = {
				BuildIndependentTargetsInParallel = 1;
				LastSwiftUpdateCheck = 1430;
				LastUpgradeCheck = 1430;
				TargetAttributes = {
					069BE15C2AB1BDDC0086AE3D = {
						CreatedOnToolsVersion = 14.3.1;
					};
				};
			};
			buildConfigurationList = 069BE1582AB1BDDC0086AE3D /* Build configuration list for PBXProject "reducetotalproductcount" */;
			compatibilityVersion = "Xcode 14.0";
			developmentRegion = en;
			hasScannedForEncodings = 0;
			knownRegions = (
				en,
				Base,
			);
			mainGroup = 069BE1542AB1BDDC0086AE3D;
			packageReferences = (
				069BE1742AB1C0C60086AE3D /* XCRemoteSwiftPackageReference "RxSwift" */,
			);
			productRefGroup = 069BE15E2AB1BDDC0086AE3D /* Products */;
			projectDirPath = "";
			projectRoot = "";
			targets = (
				069BE15C2AB1BDDC0086AE3D /* reducetotalproductcount */,
			);
		};
/* End PBXProject section */

/* Begin PBXResourcesBuildPhase section */
		069BE15B2AB1BDDC0086AE3D /* Resources */ = {
			isa = PBXResourcesBuildPhase;
			buildActionMask = 2147483647;
			files = (
				069BE16D2AB1BDDE0086AE3D /* LaunchScreen.storyboard in Resources */,
				06DA19342AB2D8E700B730C3 /* MyCustomView.xib in Resources */,
				069BE16A2AB1BDDE0086AE3D /* Assets.xcassets in Resources */,
				069BE1682AB1BDDC0086AE3D /* Main.storyboard in Resources */,
			);
			runOnlyForDeploymentPostprocessing = 0;
		};
/* End PBXResourcesBuildPhase section */

/* Begin PBXSourcesBuildPhase section */
		069BE1592AB1BDDC0086AE3D /* Sources */ = {
			isa = PBXSourcesBuildPhase;
			buildActionMask = 2147483647;
			files = (
				06DA19362AB341AB00B730C3 /* Partials.swift in Sources */,
				069BE1652AB1BDDC0086AE3D /* ViewController.swift in Sources */,
				069BE1612AB1BDDC0086AE3D /* AppDelegate.swift in Sources */,
				06DA19322AB2D6AE00B730C3 /* MyCustomView.swift in Sources */,
				06DA19382AB4688C00B730C3 /* MyCache.swift in Sources */,
				063FFF8F2B07FE0A007D43AE /* LoaderVC.swift in Sources */,
				069BE1632AB1BDDC0086AE3D /* SceneDelegate.swift in Sources */,
			);
			runOnlyForDeploymentPostprocessing = 0;
		};
/* End PBXSourcesBuildPhase section */

/* Begin PBXVariantGroup section */
		069BE1662AB1BDDC0086AE3D /* Main.storyboard */ = {
			isa = PBXVariantGroup;
			children = (
				069BE1672AB1BDDC0086AE3D /* Base */,
			);
			name = Main.storyboard;
			sourceTree = "<group>";
		};
		069BE16B2AB1BDDE0086AE3D /* LaunchScreen.storyboard */ = {
			isa = PBXVariantGroup;
			children = (
				069BE16C2AB1BDDE0086AE3D /* Base */,
			);
			name = LaunchScreen.storyboard;
			sourceTree = "<group>";
		};
/* End PBXVariantGroup section */

/* Begin XCBuildConfiguration section */
		069BE16F2AB1BDDE0086AE3D /* Debug */ = {
			isa = XCBuildConfiguration;
			buildSettings = {
				ALWAYS_SEARCH_USER_PATHS = NO;
				CLANG_ANALYZER_NONNULL = YES;
				CLANG_ANALYZER_NUMBER_OBJECT_CONVERSION = YES_AGGRESSIVE;
				CLANG_CXX_LANGUAGE_STANDARD = "gnu++20";
				CLANG_ENABLE_MODULES = YES;
				CLANG_ENABLE_OBJC_ARC = YES;
				CLANG_ENABLE_OBJC_WEAK = YES;
				CLANG_WARN_BLOCK_CAPTURE_AUTORELEASING = YES;
				CLANG_WARN_BOOL_CONVERSION = YES;
				CLANG_WARN_COMMA = YES;
				CLANG_WARN_CONSTANT_CONVERSION = YES;
				CLANG_WARN_DEPRECATED_OBJC_IMPLEMENTATIONS = YES;
				CLANG_WARN_DIRECT_OBJC_ISA_USAGE = YES_ERROR;
				CLANG_WARN_DOCUMENTATION_COMMENTS = YES;
				CLANG_WARN_EMPTY_BODY = YES;
				CLANG_WARN_ENUM_CONVERSION = YES;
				CLANG_WARN_INFINITE_RECURSION = YES;
				CLANG_WARN_INT_CONVERSION = YES;
				CLANG_WARN_NON_LITERAL_NULL_CONVERSION = YES;
				CLANG_WARN_OBJC_IMPLICIT_RETAIN_SELF = YES;
				CLANG_WARN_OBJC_LITERAL_CONVERSION = YES;
				CLANG_WARN_OBJC_ROOT_CLASS = YES_ERROR;
				CLANG_WARN_QUOTED_INCLUDE_IN_FRAMEWORK_HEADER = YES;
				CLANG_WARN_RANGE_LOOP_ANALYSIS = YES;
				CLANG_WARN_STRICT_PROTOTYPES = YES;
				CLANG_WARN_SUSPICIOUS_MOVE = YES;
				CLANG_WARN_UNGUARDED_AVAILABILITY = YES_AGGRESSIVE;
				CLANG_WARN_UNREACHABLE_CODE = YES;
				CLANG_WARN__DUPLICATE_METHOD_MATCH = YES;
				COPY_PHASE_STRIP = NO;
				DEBUG_INFORMATION_FORMAT = dwarf;
				ENABLE_STRICT_OBJC_MSGSEND = YES;
				ENABLE_TESTABILITY = YES;
				GCC_C_LANGUAGE_STANDARD = gnu11;
				GCC_DYNAMIC_NO_PIC = NO;
				GCC_NO_COMMON_BLOCKS = YES;
				GCC_OPTIMIZATION_LEVEL = 0;
				GCC_PREPROCESSOR_DEFINITIONS = (
					"DEBUG=1",
					"$(inherited)",
				);
				GCC_WARN_64_TO_32_BIT_CONVERSION = YES;
				GCC_WARN_ABOUT_RETURN_TYPE = YES_ERROR;
				GCC_WARN_UNDECLARED_SELECTOR = YES;
				GCC_WARN_UNINITIALIZED_AUTOS = YES_AGGRESSIVE;
				GCC_WARN_UNUSED_FUNCTION = YES;
				GCC_WARN_UNUSED_VARIABLE = YES;
				IPHONEOS_DEPLOYMENT_TARGET = 16.4;
				MTL_ENABLE_DEBUG_INFO = INCLUDE_SOURCE;
				MTL_FAST_MATH = YES;
				ONLY_ACTIVE_ARCH = YES;
				SDKROOT = iphoneos;
				SWIFT_ACTIVE_COMPILATION_CONDITIONS = DEBUG;
				SWIFT_OPTIMIZATION_LEVEL = "-Onone";
			};
			name = Debug;
		};
		069BE1702AB1BDDE0086AE3D /* Release */ = {
			isa = XCBuildConfiguration;
			buildSettings = {
				ALWAYS_SEARCH_USER_PATHS = NO;
				CLANG_ANALYZER_NONNULL = YES;
				CLANG_ANALYZER_NUMBER_OBJECT_CONVERSION = YES_AGGRESSIVE;
				CLANG_CXX_LANGUAGE_STANDARD = "gnu++20";
				CLANG_ENABLE_MODULES = YES;
				CLANG_ENABLE_OBJC_ARC = YES;
				CLANG_ENABLE_OBJC_WEAK = YES;
				CLANG_WARN_BLOCK_CAPTURE_AUTORELEASING = YES;
				CLANG_WARN_BOOL_CONVERSION = YES;
				CLANG_WARN_COMMA = YES;
				CLANG_WARN_CONSTANT_CONVERSION = YES;
				CLANG_WARN_DEPRECATED_OBJC_IMPLEMENTATIONS = YES;
				CLANG_WARN_DIRECT_OBJC_ISA_USAGE = YES_ERROR;
				CLANG_WARN_DOCUMENTATION_COMMENTS = YES;
				CLANG_WARN_EMPTY_BODY = YES;
				CLANG_WARN_ENUM_CONVERSION = YES;
				CLANG_WARN_INFINITE_RECURSION = YES;
				CLANG_WARN_INT_CONVERSION = YES;
				CLANG_WARN_NON_LITERAL_NULL_CONVERSION = YES;
				CLANG_WARN_OBJC_IMPLICIT_RETAIN_SELF = YES;
				CLANG_WARN_OBJC_LITERAL_CONVERSION = YES;
				CLANG_WARN_OBJC_ROOT_CLASS = YES_ERROR;
				CLANG_WARN_QUOTED_INCLUDE_IN_FRAMEWORK_HEADER = YES;
				CLANG_WARN_RANGE_LOOP_ANALYSIS = YES;
				CLANG_WARN_STRICT_PROTOTYPES = YES;
				CLANG_WARN_SUSPICIOUS_MOVE = YES;
				CLANG_WARN_UNGUARDED_AVAILABILITY = YES_AGGRESSIVE;
				CLANG_WARN_UNREACHABLE_CODE = YES;
				CLANG_WARN__DUPLICATE_METHOD_MATCH = YES;
				COPY_PHASE_STRIP = NO;
				DEBUG_INFORMATION_FORMAT = "dwarf-with-dsym";
				ENABLE_NS_ASSERTIONS = NO;
				ENABLE_STRICT_OBJC_MSGSEND = YES;
				GCC_C_LANGUAGE_STANDARD = gnu11;
				GCC_NO_COMMON_BLOCKS = YES;
				GCC_WARN_64_TO_32_BIT_CONVERSION = YES;
				GCC_WARN_ABOUT_RETURN_TYPE = YES_ERROR;
				GCC_WARN_UNDECLARED_SELECTOR = YES;
				GCC_WARN_UNINITIALIZED_AUTOS = YES_AGGRESSIVE;
				GCC_WARN_UNUSED_FUNCTION = YES;
				GCC_WARN_UNUSED_VARIABLE = YES;
				IPHONEOS_DEPLOYMENT_TARGET = 16.4;
				MTL_ENABLE_DEBUG_INFO = NO;
				MTL_FAST_MATH = YES;
				SDKROOT = iphoneos;
				SWIFT_COMPILATION_MODE = wholemodule;
				SWIFT_OPTIMIZATION_LEVEL = "-O";
				VALIDATE_PRODUCT = YES;
			};
			name = Release;
		};
		069BE1722AB1BDDE0086AE3D /* Debug */ = {
			isa = XCBuildConfiguration;
			buildSettings = {
				ASSETCATALOG_COMPILER_APPICON_NAME = AppIcon;
				ASSETCATALOG_COMPILER_GLOBAL_ACCENT_COLOR_NAME = AccentColor;
				CODE_SIGN_STYLE = Automatic;
				CURRENT_PROJECT_VERSION = 1;
				GENERATE_INFOPLIST_FILE = YES;
				INFOPLIST_FILE = reducetotalproductcount/Info.plist;
				INFOPLIST_KEY_UIApplicationSupportsIndirectInputEvents = YES;
				INFOPLIST_KEY_UILaunchStoryboardName = LaunchScreen;
				INFOPLIST_KEY_UIMainStoryboardFile = Main;
				INFOPLIST_KEY_UISupportedInterfaceOrientations = UIInterfaceOrientationPortrait;
				IPHONEOS_DEPLOYMENT_TARGET = 13.0;
				LD_RUNPATH_SEARCH_PATHS = (
					"$(inherited)",
					"@executable_path/Frameworks",
				);
				MARKETING_VERSION = 1.0;
				PRODUCT_BUNDLE_IDENTIFIER = com.test.reducetotalproductcount;
				PRODUCT_NAME = "$(TARGET_NAME)";
				SWIFT_EMIT_LOC_STRINGS = YES;
				SWIFT_VERSION = 5.0;
				TARGETED_DEVICE_FAMILY = "1,2";
			};
			name = Debug;
		};
		069BE1732AB1BDDE0086AE3D /* Release */ = {
			isa = XCBuildConfiguration;
			buildSettings = {
				ASSETCATALOG_COMPILER_APPICON_NAME = AppIcon;
				ASSETCATALOG_COMPILER_GLOBAL_ACCENT_COLOR_NAME = AccentColor;
				CODE_SIGN_STYLE = Automatic;
				CURRENT_PROJECT_VERSION = 1;
				GENERATE_INFOPLIST_FILE = YES;
				INFOPLIST_FILE = reducetotalproductcount/Info.plist;
				INFOPLIST_KEY_UIApplicationSupportsIndirectInputEvents = YES;
				INFOPLIST_KEY_UILaunchStoryboardName = LaunchScreen;
				INFOPLIST_KEY_UIMainStoryboardFile = Main;
				INFOPLIST_KEY_UISupportedInterfaceOrientations = UIInterfaceOrientationPortrait;
				IPHONEOS_DEPLOYMENT_TARGET = 13.0;
				LD_RUNPATH_SEARCH_PATHS = (
					"$(inherited)",
					"@executable_path/Frameworks",
				);
				MARKETING_VERSION = 1.0;
				PRODUCT_BUNDLE_IDENTIFIER = com.test.reducetotalproductcount;
				PRODUCT_NAME = "$(TARGET_NAME)";
				SWIFT_EMIT_LOC_STRINGS = YES;
				SWIFT_VERSION = 5.0;
				TARGETED_DEVICE_FAMILY = "1,2";
			};
			name = Release;
		};
/* End XCBuildConfiguration section */

/* Begin XCConfigurationList section */
		069BE1582AB1BDDC0086AE3D /* Build configuration list for PBXProject "reducetotalproductcount" */ = {
			isa = XCConfigurationList;
			buildConfigurations = (
				069BE16F2AB1BDDE0086AE3D /* Debug */,
				069BE1702AB1BDDE0086AE3D /* Release */,
			);
			defaultConfigurationIsVisible = 0;
			defaultConfigurationName = Release;
		};
		069BE1712AB1BDDE0086AE3D /* Build configuration list for PBXNativeTarget "reducetotalproductcount" */ = {
			isa = XCConfigurationList;
			buildConfigurations = (
				069BE1722AB1BDDE0086AE3D /* Debug */,
				069BE1732AB1BDDE0086AE3D /* Release */,
			);
			defaultConfigurationIsVisible = 0;
			defaultConfigurationName = Release;
		};
/* End XCConfigurationList section */

/* Begin XCRemoteSwiftPackageReference section */
		069BE1742AB1C0C60086AE3D /* XCRemoteSwiftPackageReference "RxSwift" */ = {
			isa = XCRemoteSwiftPackageReference;
			repositoryURL = "https://github.com/ReactiveX/RxSwift";
			requirement = {
				kind = upToNextMajorVersion;
				minimumVersion = 6.0.0;
			};
		};
/* End XCRemoteSwiftPackageReference section */

/* Begin XCSwiftPackageProductDependency section */
		069BE1752AB1C0C60086AE3D /* RxCocoa */ = {
			isa = XCSwiftPackageProductDependency;
			package = 069BE1742AB1C0C60086AE3D /* XCRemoteSwiftPackageReference "RxSwift" */;
			productName = RxCocoa;
		};
		069BE1772AB1C0C60086AE3D /* RxRelay */ = {
			isa = XCSwiftPackageProductDependency;
			package = 069BE1742AB1C0C60086AE3D /* XCRemoteSwiftPackageReference "RxSwift" */;
			productName = RxRelay;
		};
		069BE1792AB1C0C60086AE3D /* RxSwift */ = {
			isa = XCSwiftPackageProductDependency;
			package = 069BE1742AB1C0C60086AE3D /* XCRemoteSwiftPackageReference "RxSwift" */;
			productName = RxSwift;
		};
/* End XCSwiftPackageProductDependency section */
	};
	rootObject = 069BE1552AB1BDDC0086AE3D /* Project object */;
}
